// !$*UTF8*$!
{
	archiveVersion = 1;
	classes = {
	};
	objectVersion = 50;
	objects = {

/* Begin PBXBuildFile section */
		856854A22591A72B00B899C8 /* FructusApp.swift in Sources */ = {isa = PBXBuildFile; fileRef = 856854A12591A72B00B899C8 /* FructusApp.swift */; };
		856854A42591A72B00B899C8 /* ContentView.swift in Sources */ = {isa = PBXBuildFile; fileRef = 856854A32591A72B00B899C8 /* ContentView.swift */; };
		856854A62591A72E00B899C8 /* Assets.xcassets in Resources */ = {isa = PBXBuildFile; fileRef = 856854A52591A72E00B899C8 /* Assets.xcassets */; };
		856854A92591A72E00B899C8 /* Preview Assets.xcassets in Resources */ = {isa = PBXBuildFile; fileRef = 856854A82591A72E00B899C8 /* Preview Assets.xcassets */; };
		856854B62591AC7B00B899C8 /* FruitCardView.swift in Sources */ = {isa = PBXBuildFile; fileRef = 856854B52591AC7B00B899C8 /* FruitCardView.swift */; };
		856854B92591B12500B899C8 /* StartButton.swift in Sources */ = {isa = PBXBuildFile; fileRef = 856854B82591B12500B899C8 /* StartButton.swift */; };
		856854BC2591B72B00B899C8 /* OnboardingView.swift in Sources */ = {isa = PBXBuildFile; fileRef = 856854BB2591B72B00B899C8 /* OnboardingView.swift */; };
		856854C02591B94200B899C8 /* FruitsModel.swift in Sources */ = {isa = PBXBuildFile; fileRef = 856854BF2591B94200B899C8 /* FruitsModel.swift */; };
		856854C52591BA5E00B899C8 /* FruitData.swift in Sources */ = {isa = PBXBuildFile; fileRef = 856854C42591BA5E00B899C8 /* FruitData.swift */; };
		856854C82591C4D500B899C8 /* FruitRowView.swift in Sources */ = {isa = PBXBuildFile; fileRef = 856854C72591C4D500B899C8 /* FruitRowView.swift */; };
		856854F82593053000B899C8 /* FruitDetailView.swift in Sources */ = {isa = PBXBuildFile; fileRef = 856854F72593053000B899C8 /* FruitDetailView.swift */; };
		856854FB2593090F00B899C8 /* FruitHeaderView.swift in Sources */ = {isa = PBXBuildFile; fileRef = 856854FA2593090F00B899C8 /* FruitHeaderView.swift */; };
		856854FE25930B4D00B899C8 /* SourceLinkView.swift in Sources */ = {isa = PBXBuildFile; fileRef = 856854FD25930B4D00B899C8 /* SourceLinkView.swift */; };
		8568550125930E6700B899C8 /* FruitNutrientsView.swift in Sources */ = {isa = PBXBuildFile; fileRef = 8568550025930E6700B899C8 /* FruitNutrientsView.swift */; };
		85685504259315A300B899C8 /* SettingsView.swift in Sources */ = {isa = PBXBuildFile; fileRef = 85685503259315A300B899C8 /* SettingsView.swift */; };
		85AFFE61259AFB0200EEF438 /* SettingsLabelView.swift in Sources */ = {isa = PBXBuildFile; fileRef = 85AFFE60259AFB0200EEF438 /* SettingsLabelView.swift */; };
		85AFFE64259AFF8600EEF438 /* SettingsRowView.swift in Sources */ = {isa = PBXBuildFile; fileRef = 85AFFE63259AFF8600EEF438 /* SettingsRowView.swift */; };
/* End PBXBuildFile section */

/* Begin PBXFileReference section */
		8568549E2591A72B00B899C8 /* Fructus.app */ = {isa = PBXFileReference; explicitFileType = wrapper.application; includeInIndex = 0; path = Fructus.app; sourceTree = BUILT_PRODUCTS_DIR; };
		856854A12591A72B00B899C8 /* FructusApp.swift */ = {isa = PBXFileReference; lastKnownFileType = sourcecode.swift; path = FructusApp.swift; sourceTree = "<group>"; };
		856854A32591A72B00B899C8 /* ContentView.swift */ = {isa = PBXFileReference; lastKnownFileType = sourcecode.swift; path = ContentView.swift; sourceTree = "<group>"; };
		856854A52591A72E00B899C8 /* Assets.xcassets */ = {isa = PBXFileReference; lastKnownFileType = folder.assetcatalog; path = Assets.xcassets; sourceTree = "<group>"; };
		856854A82591A72E00B899C8 /* Preview Assets.xcassets */ = {isa = PBXFileReference; lastKnownFileType = folder.assetcatalog; path = "Preview Assets.xcassets"; sourceTree = "<group>"; };
		856854AA2591A72E00B899C8 /* Info.plist */ = {isa = PBXFileReference; lastKnownFileType = text.plist.xml; path = Info.plist; sourceTree = "<group>"; };
		856854B52591AC7B00B899C8 /* FruitCardView.swift */ = {isa = PBXFileReference; lastKnownFileType = sourcecode.swift; path = FruitCardView.swift; sourceTree = "<group>"; };
		856854B82591B12500B899C8 /* StartButton.swift */ = {isa = PBXFileReference; lastKnownFileType = sourcecode.swift; path = StartButton.swift; sourceTree = "<group>"; };
		856854BB2591B72B00B899C8 /* OnboardingView.swift */ = {isa = PBXFileReference; lastKnownFileType = sourcecode.swift; path = OnboardingView.swift; sourceTree = "<group>"; };
		856854BF2591B94200B899C8 /* FruitsModel.swift */ = {isa = PBXFileReference; lastKnownFileType = sourcecode.swift; path = FruitsModel.swift; sourceTree = "<group>"; };
		856854C42591BA5E00B899C8 /* FruitData.swift */ = {isa = PBXFileReference; lastKnownFileType = sourcecode.swift; path = FruitData.swift; sourceTree = "<group>"; };
		856854C72591C4D500B899C8 /* FruitRowView.swift */ = {isa = PBXFileReference; lastKnownFileType = sourcecode.swift; path = FruitRowView.swift; sourceTree = "<group>"; };
		856854F72593053000B899C8 /* FruitDetailView.swift */ = {isa = PBXFileReference; lastKnownFileType = sourcecode.swift; path = FruitDetailView.swift; sourceTree = "<group>"; };
		856854FA2593090F00B899C8 /* FruitHeaderView.swift */ = {isa = PBXFileReference; lastKnownFileType = sourcecode.swift; path = FruitHeaderView.swift; sourceTree = "<group>"; };
		856854FD25930B4D00B899C8 /* SourceLinkView.swift */ = {isa = PBXFileReference; lastKnownFileType = sourcecode.swift; path = SourceLinkView.swift; sourceTree = "<group>"; };
		8568550025930E6700B899C8 /* FruitNutrientsView.swift */ = {isa = PBXFileReference; lastKnownFileType = sourcecode.swift; path = FruitNutrientsView.swift; sourceTree = "<group>"; };
		85685503259315A300B899C8 /* SettingsView.swift */ = {isa = PBXFileReference; lastKnownFileType = sourcecode.swift; path = SettingsView.swift; sourceTree = "<group>"; };
		85AFFE60259AFB0200EEF438 /* SettingsLabelView.swift */ = {isa = PBXFileReference; lastKnownFileType = sourcecode.swift; path = SettingsLabelView.swift; sourceTree = "<group>"; };
		85AFFE63259AFF8600EEF438 /* SettingsRowView.swift */ = {isa = PBXFileReference; lastKnownFileType = sourcecode.swift; path = SettingsRowView.swift; sourceTree = "<group>"; };
/* End PBXFileReference section */

/* Begin PBXFrameworksBuildPhase section */
		8568549B2591A72B00B899C8 /* Frameworks */ = {
			isa = PBXFrameworksBuildPhase;
			buildActionMask = 2147483647;
			files = (
			);
			runOnlyForDeploymentPostprocessing = 0;
		};
/* End PBXFrameworksBuildPhase section */

/* Begin PBXGroup section */
		856854952591A72A00B899C8 = {
			isa = PBXGroup;
			children = (
				856854A02591A72B00B899C8 /* Fructus */,
				8568549F2591A72B00B899C8 /* Products */,
			);
			sourceTree = "<group>";
		};
		8568549F2591A72B00B899C8 /* Products */ = {
			isa = PBXGroup;
			children = (
				8568549E2591A72B00B899C8 /* Fructus.app */,
			);
			name = Products;
			sourceTree = "<group>";
		};
		856854A02591A72B00B899C8 /* Fructus */ = {
			isa = PBXGroup;
			children = (
				856854C32591BA4E00B899C8 /* Data */,
				856854BE2591B92C00B899C8 /* Model */,
				856854B42591AC5700B899C8 /* View */,
				856854B22591AB8200B899C8 /* App */,
				856854A52591A72E00B899C8 /* Assets.xcassets */,
				856854AA2591A72E00B899C8 /* Info.plist */,
				856854A72591A72E00B899C8 /* Preview Content */,
			);
			path = Fructus;
			sourceTree = "<group>";
		};
		856854A72591A72E00B899C8 /* Preview Content */ = {
			isa = PBXGroup;
			children = (
				856854A82591A72E00B899C8 /* Preview Assets.xcassets */,
			);
			path = "Preview Content";
			sourceTree = "<group>";
		};
		856854B22591AB8200B899C8 /* App */ = {
			isa = PBXGroup;
			children = (
				856854A12591A72B00B899C8 /* FructusApp.swift */,
				856854A32591A72B00B899C8 /* ContentView.swift */,
				856854BB2591B72B00B899C8 /* OnboardingView.swift */,
				856854F72593053000B899C8 /* FruitDetailView.swift */,
				85685503259315A300B899C8 /* SettingsView.swift */,
			);
			path = App;
			sourceTree = "<group>";
		};
		856854B42591AC5700B899C8 /* View */ = {
			isa = PBXGroup;
			children = (
				856854B52591AC7B00B899C8 /* FruitCardView.swift */,
				856854B82591B12500B899C8 /* StartButton.swift */,
				856854C72591C4D500B899C8 /* FruitRowView.swift */,
				856854FA2593090F00B899C8 /* FruitHeaderView.swift */,
				856854FD25930B4D00B899C8 /* SourceLinkView.swift */,
				8568550025930E6700B899C8 /* FruitNutrientsView.swift */,
				85AFFE60259AFB0200EEF438 /* SettingsLabelView.swift */,
				85AFFE63259AFF8600EEF438 /* SettingsRowView.swift */,
			);
			path = View;
			sourceTree = "<group>";
		};
		856854BE2591B92C00B899C8 /* Model */ = {
			isa = PBXGroup;
			children = (
				856854BF2591B94200B899C8 /* FruitsModel.swift */,
			);
			path = Model;
			sourceTree = "<group>";
		};
		856854C32591BA4E00B899C8 /* Data */ = {
			isa = PBXGroup;
			children = (
				856854C42591BA5E00B899C8 /* FruitData.swift */,
			);
			path = Data;
			sourceTree = "<group>";
		};
/* End PBXGroup section */

/* Begin PBXNativeTarget section */
		8568549D2591A72B00B899C8 /* Fructus */ = {
			isa = PBXNativeTarget;
			buildConfigurationList = 856854AD2591A72E00B899C8 /* Build configuration list for PBXNativeTarget "Fructus" */;
			buildPhases = (
				8568549A2591A72B00B899C8 /* Sources */,
				8568549B2591A72B00B899C8 /* Frameworks */,
				8568549C2591A72B00B899C8 /* Resources */,
			);
			buildRules = (
			);
			dependencies = (
			);
			name = Fructus;
			productName = Fructus;
			productReference = 8568549E2591A72B00B899C8 /* Fructus.app */;
			productType = "com.apple.product-type.application";
		};
/* End PBXNativeTarget section */

/* Begin PBXProject section */
		856854962591A72A00B899C8 /* Project object */ = {
			isa = PBXProject;
			attributes = {
				LastSwiftUpdateCheck = 1220;
				LastUpgradeCheck = 1220;
				TargetAttributes = {
					8568549D2591A72B00B899C8 = {
						CreatedOnToolsVersion = 12.2;
					};
				};
			};
			buildConfigurationList = 856854992591A72B00B899C8 /* Build configuration list for PBXProject "Fructus" */;
			compatibilityVersion = "Xcode 9.3";
			developmentRegion = en;
			hasScannedForEncodings = 0;
			knownRegions = (
				en,
				Base,
			);
			mainGroup = 856854952591A72A00B899C8;
			productRefGroup = 8568549F2591A72B00B899C8 /* Products */;
			projectDirPath = "";
			projectRoot = "";
			targets = (
				8568549D2591A72B00B899C8 /* Fructus */,
			);
		};
/* End PBXProject section */

/* Begin PBXResourcesBuildPhase section */
		8568549C2591A72B00B899C8 /* Resources */ = {
			isa = PBXResourcesBuildPhase;
			buildActionMask = 2147483647;
			files = (
				856854A92591A72E00B899C8 /* Preview Assets.xcassets in Resources */,
				856854A62591A72E00B899C8 /* Assets.xcassets in Resources */,
			);
			runOnlyForDeploymentPostprocessing = 0;
		};
/* End PBXResourcesBuildPhase section */

/* Begin PBXSourcesBuildPhase section */
		8568549A2591A72B00B899C8 /* Sources */ = {
			isa = PBXSourcesBuildPhase;
			buildActionMask = 2147483647;
			files = (
				856854C52591BA5E00B899C8 /* FruitData.swift in Sources */,
				856854FE25930B4D00B899C8 /* SourceLinkView.swift in Sources */,
				85AFFE64259AFF8600EEF438 /* SettingsRowView.swift in Sources */,
				856854B62591AC7B00B899C8 /* FruitCardView.swift in Sources */,
				856854C82591C4D500B899C8 /* FruitRowView.swift in Sources */,
				8568550125930E6700B899C8 /* FruitNutrientsView.swift in Sources */,
				856854A42591A72B00B899C8 /* ContentView.swift in Sources */,
				856854F82593053000B899C8 /* FruitDetailView.swift in Sources */,
				856854C02591B94200B899C8 /* FruitsModel.swift in Sources */,
				856854FB2593090F00B899C8 /* FruitHeaderView.swift in Sources */,
				856854B92591B12500B899C8 /* StartButton.swift in Sources */,
				85AFFE61259AFB0200EEF438 /* SettingsLabelView.swift in Sources */,
				856854BC2591B72B00B899C8 /* OnboardingView.swift in Sources */,
				856854A22591A72B00B899C8 /* FructusApp.swift in Sources */,
				85685504259315A300B899C8 /* SettingsView.swift in Sources */,
			);
			runOnlyForDeploymentPostprocessing = 0;
		};
/* End PBXSourcesBuildPhase section */

/* Begin XCBuildConfiguration section */
		856854AB2591A72E00B899C8 /* Debug */ = {
			isa = XCBuildConfiguration;
			buildSettings = {
				ALWAYS_SEARCH_USER_PATHS = NO;
				CLANG_ANALYZER_NONNULL = YES;
				CLANG_ANALYZER_NUMBER_OBJECT_CONVERSION = YES_AGGRESSIVE;
				CLANG_CXX_LANGUAGE_STANDARD = "gnu++14";
				CLANG_CXX_LIBRARY = "libc++";
				CLANG_ENABLE_MODULES = YES;
				CLANG_ENABLE_OBJC_ARC = YES;
				CLANG_ENABLE_OBJC_WEAK = YES;
				CLANG_WARN_BLOCK_CAPTURE_AUTORELEASING = YES;
				CLANG_WARN_BOOL_CONVERSION = YES;
				CLANG_WARN_COMMA = YES;
				CLANG_WARN_CONSTANT_CONVERSION = YES;
				CLANG_WARN_DEPRECATED_OBJC_IMPLEMENTATIONS = YES;
				CLANG_WARN_DIRECT_OBJC_ISA_USAGE = YES_ERROR;
				CLANG_WARN_DOCUMENTATION_COMMENTS = YES;
				CLANG_WARN_EMPTY_BODY = YES;
				CLANG_WARN_ENUM_CONVERSION = YES;
				CLANG_WARN_INFINITE_RECURSION = YES;
				CLANG_WARN_INT_CONVERSION = YES;
				CLANG_WARN_NON_LITERAL_NULL_CONVERSION = YES;
				CLANG_WARN_OBJC_IMPLICIT_RETAIN_SELF = YES;
				CLANG_WARN_OBJC_LITERAL_CONVERSION = YES;
				CLANG_WARN_OBJC_ROOT_CLASS = YES_ERROR;
				CLANG_WARN_QUOTED_INCLUDE_IN_FRAMEWORK_HEADER = YES;
				CLANG_WARN_RANGE_LOOP_ANALYSIS = YES;
				CLANG_WARN_STRICT_PROTOTYPES = YES;
				CLANG_WARN_SUSPICIOUS_MOVE = YES;
				CLANG_WARN_UNGUARDED_AVAILABILITY = YES_AGGRESSIVE;
				CLANG_WARN_UNREACHABLE_CODE = YES;
				CLANG_WARN__DUPLICATE_METHOD_MATCH = YES;
				COPY_PHASE_STRIP = NO;
				DEBUG_INFORMATION_FORMAT = dwarf;
				ENABLE_STRICT_OBJC_MSGSEND = YES;
				ENABLE_TESTABILITY = YES;
				GCC_C_LANGUAGE_STANDARD = gnu11;
				GCC_DYNAMIC_NO_PIC = NO;
				GCC_NO_COMMON_BLOCKS = YES;
				GCC_OPTIMIZATION_LEVEL = 0;
				GCC_PREPROCESSOR_DEFINITIONS = (
					"DEBUG=1",
					"$(inherited)",
				);
				GCC_WARN_64_TO_32_BIT_CONVERSION = YES;
				GCC_WARN_ABOUT_RETURN_TYPE = YES_ERROR;
				GCC_WARN_UNDECLARED_SELECTOR = YES;
				GCC_WARN_UNINITIALIZED_AUTOS = YES_AGGRESSIVE;
				GCC_WARN_UNUSED_FUNCTION = YES;
				GCC_WARN_UNUSED_VARIABLE = YES;
				IPHONEOS_DEPLOYMENT_TARGET = 14.2;
				MTL_ENABLE_DEBUG_INFO = INCLUDE_SOURCE;
				MTL_FAST_MATH = YES;
				ONLY_ACTIVE_ARCH = YES;
				SDKROOT = iphoneos;
				SWIFT_ACTIVE_COMPILATION_CONDITIONS = DEBUG;
				SWIFT_OPTIMIZATION_LEVEL = "-Onone";
			};
			name = Debug;
		};
		856854AC2591A72E00B899C8 /* Release */ = {
			isa = XCBuildConfiguration;
			buildSettings = {
				ALWAYS_SEARCH_USER_PATHS = NO;
				CLANG_ANALYZER_NONNULL = YES;
				CLANG_ANALYZER_NUMBER_OBJECT_CONVERSION = YES_AGGRESSIVE;
				CLANG_CXX_LANGUAGE_STANDARD = "gnu++14";
				CLANG_CXX_LIBRARY = "libc++";
				CLANG_ENABLE_MODULES = YES;
				CLANG_ENABLE_OBJC_ARC = YES;
				CLANG_ENABLE_OBJC_WEAK = YES;
				CLANG_WARN_BLOCK_CAPTURE_AUTORELEASING = YES;
				CLANG_WARN_BOOL_CONVERSION = YES;
				CLANG_WARN_COMMA = YES;
				CLANG_WARN_CONSTANT_CONVERSION = YES;
				CLANG_WARN_DEPRECATED_OBJC_IMPLEMENTATIONS = YES;
				CLANG_WARN_DIRECT_OBJC_ISA_USAGE = YES_ERROR;
				CLANG_WARN_DOCUMENTATION_COMMENTS = YES;
				CLANG_WARN_EMPTY_BODY = YES;
				CLANG_WARN_ENUM_CONVERSION = YES;
				CLANG_WARN_INFINITE_RECURSION = YES;
				CLANG_WARN_INT_CONVERSION = YES;
				CLANG_WARN_NON_LITERAL_NULL_CONVERSION = YES;
				CLANG_WARN_OBJC_IMPLICIT_RETAIN_SELF = YES;
				CLANG_WARN_OBJC_LITERAL_CONVERSION = YES;
				CLANG_WARN_OBJC_ROOT_CLASS = YES_ERROR;
				CLANG_WARN_QUOTED_INCLUDE_IN_FRAMEWORK_HEADER = YES;
				CLANG_WARN_RANGE_LOOP_ANALYSIS = YES;
				CLANG_WARN_STRICT_PROTOTYPES = YES;
				CLANG_WARN_SUSPICIOUS_MOVE = YES;
				CLANG_WARN_UNGUARDED_AVAILABILITY = YES_AGGRESSIVE;
				CLANG_WARN_UNREACHABLE_CODE = YES;
				CLANG_WARN__DUPLICATE_METHOD_MATCH = YES;
				COPY_PHASE_STRIP = NO;
				DEBUG_INFORMATION_FORMAT = "dwarf-with-dsym";
				ENABLE_NS_ASSERTIONS = NO;
				ENABLE_STRICT_OBJC_MSGSEND = YES;
				GCC_C_LANGUAGE_STANDARD = gnu11;
				GCC_NO_COMMON_BLOCKS = YES;
				GCC_WARN_64_TO_32_BIT_CONVERSION = YES;
				GCC_WARN_ABOUT_RETURN_TYPE = YES_ERROR;
				GCC_WARN_UNDECLARED_SELECTOR = YES;
				GCC_WARN_UNINITIALIZED_AUTOS = YES_AGGRESSIVE;
				GCC_WARN_UNUSED_FUNCTION = YES;
				GCC_WARN_UNUSED_VARIABLE = YES;
				IPHONEOS_DEPLOYMENT_TARGET = 14.2;
				MTL_ENABLE_DEBUG_INFO = NO;
				MTL_FAST_MATH = YES;
				SDKROOT = iphoneos;
				SWIFT_COMPILATION_MODE = wholemodule;
				SWIFT_OPTIMIZATION_LEVEL = "-O";
				VALIDATE_PRODUCT = YES;
			};
			name = Release;
		};
		856854AE2591A72E00B899C8 /* Debug */ = {
			isa = XCBuildConfiguration;
			buildSettings = {
				ASSETCATALOG_COMPILER_APPICON_NAME = AppIcon;
				ASSETCATALOG_COMPILER_GLOBAL_ACCENT_COLOR_NAME = AccentColor;
				CODE_SIGN_STYLE = Automatic;
				DEVELOPMENT_ASSET_PATHS = "\"Fructus/Preview Content\"";
				DEVELOPMENT_TEAM = 4D9Z74XGM7;
				ENABLE_PREVIEWS = YES;
				INFOPLIST_FILE = Fructus/Info.plist;
				IPHONEOS_DEPLOYMENT_TARGET = 14.0;
				LD_RUNPATH_SEARCH_PATHS = (
					"$(inherited)",
					"@executable_path/Frameworks",
				);
				PRODUCT_BUNDLE_IDENTIFIER = com.HCHO.Fructus;
				PRODUCT_NAME = "$(TARGET_NAME)";
				SWIFT_VERSION = 5.0;
				TARGETED_DEVICE_FAMILY = "1,2";
			};
			name = Debug;
		};
		856854AF2591A72E00B899C8 /* Release */ = {
			isa = XCBuildConfiguration;
			buildSettings = {
				ASSETCATALOG_COMPILER_APPICON_NAME = AppIcon;
				ASSETCATALOG_COMPILER_GLOBAL_ACCENT_COLOR_NAME = AccentColor;
				CODE_SIGN_STYLE = Automatic;
				DEVELOPMENT_ASSET_PATHS = "\"Fructus/Preview Content\"";
				DEVELOPMENT_TEAM = 4D9Z74XGM7;
				ENABLE_PREVIEWS = YES;
				INFOPLIST_FILE = Fructus/Info.plist;
				IPHONEOS_DEPLOYMENT_TARGET = 14.0;
				LD_RUNPATH_SEARCH_PATHS = (
					"$(inherited)",
					"@executable_path/Frameworks",
				);
				PRODUCT_BUNDLE_IDENTIFIER = com.HCHO.Fructus;
				PRODUCT_NAME = "$(TARGET_NAME)";
				SWIFT_VERSION = 5.0;
				TARGETED_DEVICE_FAMILY = "1,2";
			};
			name = Release;
		};
/* End XCBuildConfiguration section */

/* Begin XCConfigurationList section */
		856854992591A72B00B899C8 /* Build configuration list for PBXProject "Fructus" */ = {
			isa = XCConfigurationList;
			buildConfigurations = (
				856854AB2591A72E00B899C8 /* Debug */,
				856854AC2591A72E00B899C8 /* Release */,
			);
			defaultConfigurationIsVisible = 0;
			defaultConfigurationName = Release;
		};
		856854AD2591A72E00B899C8 /* Build configuration list for PBXNativeTarget "Fructus" */ = {
			isa = XCConfigurationList;
			buildConfigurations = (
				856854AE2591A72E00B899C8 /* Debug */,
				856854AF2591A72E00B899C8 /* Release */,
			);
			defaultConfigurationIsVisible = 0;
			defaultConfigurationName = Release;
		};
/* End XCConfigurationList section */
	};
	rootObject = 856854962591A72A00B899C8 /* Project object */;
}
